
Microsoft Visual Studio Solution File, Format Version 12.00
# Visual Studio Version 16
VisualStudioVersion = 16.0.33529.622
MinimumVisualStudioVersion = 10.0.40219.1
Project("{FAE04EC0-301F-11D3-BF4B-00C04F79EFBC}") = "SeleniumCSharpNetCoreTry1", "SeleniumCSharpNetCoreTry1\SeleniumCSharpNetCoreTry1.csproj", "{C134E7F8-956E-4453-8937-E3BC752F4115}"
EndProject
Global
	GlobalSection(SolutionConfigurationPlatforms) = preSolution
		Debug|Any CPU = Debug|Any CPU
		Release|Any CPU = Release|Any CPU
	EndGlobalSection
	GlobalSection(ProjectConfigurationPlatforms) = postSolution
		{C134E7F8-956E-4453-8937-E3BC752F4115}.Debug|Any CPU.ActiveCfg = Debug|Any CPU
		{C134E7F8-956E-4453-8937-E3BC752F4115}.Debug|Any CPU.Build.0 = Debug|Any CPU
		{C134E7F8-956E-4453-8937-E3BC752F4115}.Release|Any CPU.ActiveCfg = Release|Any CPU
		{C134E7F8-956E-4453-8937-E3BC752F4115}.Release|Any CPU.Build.0 = Release|Any CPU
	EndGlobalSection
	GlobalSection(SolutionProperties) = preSolution
		HideSolutionNode = FALSE
	EndGlobalSection
	GlobalSection(ExtensibilityGlobals) = postSolution
		SolutionGuid = {CEC8D0F8-0DAB-46C5-8329-E6794133551C}
	EndGlobalSection
EndGlobal
